// !$*UTF8*$!
{
	archiveVersion = 1;
	classes = {
	};
	objectVersion = 50;
	objects = {

/* Begin PBXBuildFile section */
		04A57C3BF081201B5BDBAEBE /* Pods_KSMediator_KSMediatorUITests.framework in Frameworks */ = {isa = PBXBuildFile; fileRef = 44251EB948D95B188DAD563F /* Pods_KSMediator_KSMediatorUITests.framework */; };
		0C61DA0F71DDDD908524F62A /* Pods_KSMediatorTests.framework in Frameworks */ = {isa = PBXBuildFile; fileRef = 673DAD52C19656E9E10921BC /* Pods_KSMediatorTests.framework */; };
		7E020ED422449EC4009B1BE6 /* AppDelegate.m in Sources */ = {isa = PBXBuildFile; fileRef = 7E020ED322449EC4009B1BE6 /* AppDelegate.m */; };
		7E020ED722449EC4009B1BE6 /* ViewController.m in Sources */ = {isa = PBXBuildFile; fileRef = 7E020ED622449EC4009B1BE6 /* ViewController.m */; };
		7E020EDA22449EC4009B1BE6 /* Main.storyboard in Resources */ = {isa = PBXBuildFile; fileRef = 7E020ED822449EC4009B1BE6 /* Main.storyboard */; };
		7E020EDC22449EC6009B1BE6 /* Assets.xcassets in Resources */ = {isa = PBXBuildFile; fileRef = 7E020EDB22449EC6009B1BE6 /* Assets.xcassets */; };
		7E020EDF22449EC6009B1BE6 /* LaunchScreen.storyboard in Resources */ = {isa = PBXBuildFile; fileRef = 7E020EDD22449EC6009B1BE6 /* LaunchScreen.storyboard */; };
		7E020EE222449EC6009B1BE6 /* main.m in Sources */ = {isa = PBXBuildFile; fileRef = 7E020EE122449EC6009B1BE6 /* main.m */; };
		7E020EEC22449EC6009B1BE6 /* KSMediatorTests.m in Sources */ = {isa = PBXBuildFile; fileRef = 7E020EEB22449EC6009B1BE6 /* KSMediatorTests.m */; };
		7E020EF722449EC6009B1BE6 /* KSMediatorUITests.m in Sources */ = {isa = PBXBuildFile; fileRef = 7E020EF622449EC6009B1BE6 /* KSMediatorUITests.m */; };
		7E020F062244A4C2009B1BE6 /* KSMediator.m in Sources */ = {isa = PBXBuildFile; fileRef = 7E020F052244A4C2009B1BE6 /* KSMediator.m */; };
		7E020F092244A86B009B1BE6 /* KSMediator+KSMediatorModuleAAction.m in Sources */ = {isa = PBXBuildFile; fileRef = 7E020F082244A86B009B1BE6 /* KSMediator+KSMediatorModuleAAction.m */; };
		7E020F0E2244C0FA009B1BE6 /* Target_A.m in Sources */ = {isa = PBXBuildFile; fileRef = 7E020F0D2244C0FA009B1BE6 /* Target_A.m */; };
		7E020F122244CD30009B1BE6 /* DemoModuleADetailViewController.m in Sources */ = {isa = PBXBuildFile; fileRef = 7E020F102244CD30009B1BE6 /* DemoModuleADetailViewController.m */; };
		7E020F132244CD30009B1BE6 /* DemoModuleADetailViewController.xib in Resources */ = {isa = PBXBuildFile; fileRef = 7E020F112244CD30009B1BE6 /* DemoModuleADetailViewController.xib */; };
		D37EB38F68050967C9196A77 /* Pods_KSMediator.framework in Frameworks */ = {isa = PBXBuildFile; fileRef = 2B35BC9E7284504E58594452 /* Pods_KSMediator.framework */; };
/* End PBXBuildFile section */

/* Begin PBXContainerItemProxy section */
		7E020EE822449EC6009B1BE6 /* PBXContainerItemProxy */ = {
			isa = PBXContainerItemProxy;
			containerPortal = 7E020EC722449EC4009B1BE6 /* Project object */;
			proxyType = 1;
			remoteGlobalIDString = 7E020ECE22449EC4009B1BE6;
			remoteInfo = KSMediator;
		};
		7E020EF322449EC6009B1BE6 /* PBXContainerItemProxy */ = {
			isa = PBXContainerItemProxy;
			containerPortal = 7E020EC722449EC4009B1BE6 /* Project object */;
			proxyType = 1;
			remoteGlobalIDString = 7E020ECE22449EC4009B1BE6;
			remoteInfo = KSMediator;
		};
/* End PBXContainerItemProxy section */

/* Begin PBXFileReference section */
		2B35BC9E7284504E58594452 /* Pods_KSMediator.framework */ = {isa = PBXFileReference; explicitFileType = wrapper.framework; includeInIndex = 0; path = Pods_KSMediator.framework; sourceTree = BUILT_PRODUCTS_DIR; };
		44251EB948D95B188DAD563F /* Pods_KSMediator_KSMediatorUITests.framework */ = {isa = PBXFileReference; explicitFileType = wrapper.framework; includeInIndex = 0; path = Pods_KSMediator_KSMediatorUITests.framework; sourceTree = BUILT_PRODUCTS_DIR; };
		4C53275189ADF9C52F770CA1 /* Pods-KSMediator.release.xcconfig */ = {isa = PBXFileReference; includeInIndex = 1; lastKnownFileType = text.xcconfig; name = "Pods-KSMediator.release.xcconfig"; path = "Target Support Files/Pods-KSMediator/Pods-KSMediator.release.xcconfig"; sourceTree = "<group>"; };
		673DAD52C19656E9E10921BC /* Pods_KSMediatorTests.framework */ = {isa = PBXFileReference; explicitFileType = wrapper.framework; includeInIndex = 0; path = Pods_KSMediatorTests.framework; sourceTree = BUILT_PRODUCTS_DIR; };
		6C4563C8A22E0E9CB78652D0 /* Pods-KSMediator.debug.xcconfig */ = {isa = PBXFileReference; includeInIndex = 1; lastKnownFileType = text.xcconfig; name = "Pods-KSMediator.debug.xcconfig"; path = "Target Support Files/Pods-KSMediator/Pods-KSMediator.debug.xcconfig"; sourceTree = "<group>"; };
		7E020ECF22449EC4009B1BE6 /* KSMediator.app */ = {isa = PBXFileReference; explicitFileType = wrapper.application; includeInIndex = 0; path = KSMediator.app; sourceTree = BUILT_PRODUCTS_DIR; };
		7E020ED222449EC4009B1BE6 /* AppDelegate.h */ = {isa = PBXFileReference; lastKnownFileType = sourcecode.c.h; path = AppDelegate.h; sourceTree = "<group>"; };
		7E020ED322449EC4009B1BE6 /* AppDelegate.m */ = {isa = PBXFileReference; lastKnownFileType = sourcecode.c.objc; path = AppDelegate.m; sourceTree = "<group>"; };
		7E020ED522449EC4009B1BE6 /* ViewController.h */ = {isa = PBXFileReference; lastKnownFileType = sourcecode.c.h; path = ViewController.h; sourceTree = "<group>"; };
		7E020ED622449EC4009B1BE6 /* ViewController.m */ = {isa = PBXFileReference; lastKnownFileType = sourcecode.c.objc; path = ViewController.m; sourceTree = "<group>"; };
		7E020ED922449EC4009B1BE6 /* Base */ = {isa = PBXFileReference; lastKnownFileType = file.storyboard; name = Base; path = Base.lproj/Main.storyboard; sourceTree = "<group>"; };
		7E020EDB22449EC6009B1BE6 /* Assets.xcassets */ = {isa = PBXFileReference; lastKnownFileType = folder.assetcatalog; path = Assets.xcassets; sourceTree = "<group>"; };
		7E020EDE22449EC6009B1BE6 /* Base */ = {isa = PBXFileReference; lastKnownFileType = file.storyboard; name = Base; path = Base.lproj/LaunchScreen.storyboard; sourceTree = "<group>"; };
		7E020EE022449EC6009B1BE6 /* Info.plist */ = {isa = PBXFileReference; lastKnownFileType = text.plist.xml; path = Info.plist; sourceTree = "<group>"; };
		7E020EE122449EC6009B1BE6 /* main.m */ = {isa = PBXFileReference; lastKnownFileType = sourcecode.c.objc; path = main.m; sourceTree = "<group>"; };
		7E020EE722449EC6009B1BE6 /* KSMediatorTests.xctest */ = {isa = PBXFileReference; explicitFileType = wrapper.cfbundle; includeInIndex = 0; path = KSMediatorTests.xctest; sourceTree = BUILT_PRODUCTS_DIR; };
		7E020EEB22449EC6009B1BE6 /* KSMediatorTests.m */ = {isa = PBXFileReference; lastKnownFileType = sourcecode.c.objc; path = KSMediatorTests.m; sourceTree = "<group>"; };
		7E020EED22449EC6009B1BE6 /* Info.plist */ = {isa = PBXFileReference; lastKnownFileType = text.plist.xml; path = Info.plist; sourceTree = "<group>"; };
		7E020EF222449EC6009B1BE6 /* KSMediatorUITests.xctest */ = {isa = PBXFileReference; explicitFileType = wrapper.cfbundle; includeInIndex = 0; path = KSMediatorUITests.xctest; sourceTree = BUILT_PRODUCTS_DIR; };
		7E020EF622449EC6009B1BE6 /* KSMediatorUITests.m */ = {isa = PBXFileReference; lastKnownFileType = sourcecode.c.objc; path = KSMediatorUITests.m; sourceTree = "<group>"; };
		7E020EF822449EC6009B1BE6 /* Info.plist */ = {isa = PBXFileReference; lastKnownFileType = text.plist.xml; path = Info.plist; sourceTree = "<group>"; };
		7E020F042244A4C2009B1BE6 /* KSMediator.h */ = {isa = PBXFileReference; lastKnownFileType = sourcecode.c.h; path = KSMediator.h; sourceTree = "<group>"; };
		7E020F052244A4C2009B1BE6 /* KSMediator.m */ = {isa = PBXFileReference; lastKnownFileType = sourcecode.c.objc; path = KSMediator.m; sourceTree = "<group>"; };
		7E020F072244A86B009B1BE6 /* KSMediator+KSMediatorModuleAAction.h */ = {isa = PBXFileReference; lastKnownFileType = sourcecode.c.h; path = "KSMediator+KSMediatorModuleAAction.h"; sourceTree = "<group>"; };
		7E020F082244A86B009B1BE6 /* KSMediator+KSMediatorModuleAAction.m */ = {isa = PBXFileReference; lastKnownFileType = sourcecode.c.objc; path = "KSMediator+KSMediatorModuleAAction.m"; sourceTree = "<group>"; };
		7E020F0C2244C0FA009B1BE6 /* Target_A.h */ = {isa = PBXFileReference; lastKnownFileType = sourcecode.c.h; path = Target_A.h; sourceTree = "<group>"; };
		7E020F0D2244C0FA009B1BE6 /* Target_A.m */ = {isa = PBXFileReference; lastKnownFileType = sourcecode.c.objc; path = Target_A.m; sourceTree = "<group>"; };
		7E020F0F2244CD30009B1BE6 /* DemoModuleADetailViewController.h */ = {isa = PBXFileReference; lastKnownFileType = sourcecode.c.h; path = DemoModuleADetailViewController.h; sourceTree = "<group>"; };
		7E020F102244CD30009B1BE6 /* DemoModuleADetailViewController.m */ = {isa = PBXFileReference; lastKnownFileType = sourcecode.c.objc; path = DemoModuleADetailViewController.m; sourceTree = "<group>"; };
		7E020F112244CD30009B1BE6 /* DemoModuleADetailViewController.xib */ = {isa = PBXFileReference; lastKnownFileType = file.xib; path = DemoModuleADetailViewController.xib; sourceTree = "<group>"; };
		90498F04E6B701A416DD9C86 /* Pods-KSMediator-KSMediatorUITests.debug.xcconfig */ = {isa = PBXFileReference; includeInIndex = 1; lastKnownFileType = text.xcconfig; name = "Pods-KSMediator-KSMediatorUITests.debug.xcconfig"; path = "Target Support Files/Pods-KSMediator-KSMediatorUITests/Pods-KSMediator-KSMediatorUITests.debug.xcconfig"; sourceTree = "<group>"; };
		D5EC3E190D553AA6FA7DDC20 /* Pods-KSMediatorTests.debug.xcconfig */ = {isa = PBXFileReference; includeInIndex = 1; lastKnownFileType = text.xcconfig; name = "Pods-KSMediatorTests.debug.xcconfig"; path = "Target Support Files/Pods-KSMediatorTests/Pods-KSMediatorTests.debug.xcconfig"; sourceTree = "<group>"; };
		ED11169190208B39130FE58E /* Pods-KSMediator-KSMediatorUITests.release.xcconfig */ = {isa = PBXFileReference; includeInIndex = 1; lastKnownFileType = text.xcconfig; name = "Pods-KSMediator-KSMediatorUITests.release.xcconfig"; path = "Target Support Files/Pods-KSMediator-KSMediatorUITests/Pods-KSMediator-KSMediatorUITests.release.xcconfig"; sourceTree = "<group>"; };
		F000951F9504ADB64EF42949 /* Pods-KSMediatorTests.release.xcconfig */ = {isa = PBXFileReference; includeInIndex = 1; lastKnownFileType = text.xcconfig; name = "Pods-KSMediatorTests.release.xcconfig"; path = "Target Support Files/Pods-KSMediatorTests/Pods-KSMediatorTests.release.xcconfig"; sourceTree = "<group>"; };
/* End PBXFileReference section */

/* Begin PBXFrameworksBuildPhase section */
		7E020ECC22449EC4009B1BE6 /* Frameworks */ = {
			isa = PBXFrameworksBuildPhase;
			buildActionMask = 2147483647;
			files = (
				D37EB38F68050967C9196A77 /* Pods_KSMediator.framework in Frameworks */,
			);
			runOnlyForDeploymentPostprocessing = 0;
		};
		7E020EE422449EC6009B1BE6 /* Frameworks */ = {
			isa = PBXFrameworksBuildPhase;
			buildActionMask = 2147483647;
			files = (
				0C61DA0F71DDDD908524F62A /* Pods_KSMediatorTests.framework in Frameworks */,
			);
			runOnlyForDeploymentPostprocessing = 0;
		};
		7E020EEF22449EC6009B1BE6 /* Frameworks */ = {
			isa = PBXFrameworksBuildPhase;
			buildActionMask = 2147483647;
			files = (
				04A57C3BF081201B5BDBAEBE /* Pods_KSMediator_KSMediatorUITests.framework in Frameworks */,
			);
			runOnlyForDeploymentPostprocessing = 0;
		};
/* End PBXFrameworksBuildPhase section */

/* Begin PBXGroup section */
		7E020EC622449EC4009B1BE6 = {
			isa = PBXGroup;
			children = (
				7E020ED122449EC4009B1BE6 /* KSMediator */,
				7E020EEA22449EC6009B1BE6 /* KSMediatorTests */,
				7E020EF522449EC6009B1BE6 /* KSMediatorUITests */,
				7E020ED022449EC4009B1BE6 /* Products */,
				AC1F1495C796F7C86C9048B3 /* Pods */,
				C7FE0F5E923A73523E982A4E /* Frameworks */,
			);
			sourceTree = "<group>";
		};
		7E020ED022449EC4009B1BE6 /* Products */ = {
			isa = PBXGroup;
			children = (
				7E020ECF22449EC4009B1BE6 /* KSMediator.app */,
				7E020EE722449EC6009B1BE6 /* KSMediatorTests.xctest */,
				7E020EF222449EC6009B1BE6 /* KSMediatorUITests.xctest */,
			);
			name = Products;
			sourceTree = "<group>";
		};
		7E020ED122449EC4009B1BE6 /* KSMediator */ = {
			isa = PBXGroup;
			children = (
				7E020ED222449EC4009B1BE6 /* AppDelegate.h */,
				7E020ED322449EC4009B1BE6 /* AppDelegate.m */,
				7E020ED522449EC4009B1BE6 /* ViewController.h */,
				7E020ED622449EC4009B1BE6 /* ViewController.m */,
				7E020F042244A4C2009B1BE6 /* KSMediator.h */,
				7E020F052244A4C2009B1BE6 /* KSMediator.m */,
				7E020F072244A86B009B1BE6 /* KSMediator+KSMediatorModuleAAction.h */,
				7E020F082244A86B009B1BE6 /* KSMediator+KSMediatorModuleAAction.m */,
				7E020F0A2244C0C9009B1BE6 /* DemoModule（target-action所在的模块，也就是提供服务的模块，这也是单独的repo，但无需被其他人依赖，其他人通过category调用到这里的功能） */,
				7E020ED822449EC4009B1BE6 /* Main.storyboard */,
				7E020EDB22449EC6009B1BE6 /* Assets.xcassets */,
				7E020EDD22449EC6009B1BE6 /* LaunchScreen.storyboard */,
				7E020EE022449EC6009B1BE6 /* Info.plist */,
				7E020EE122449EC6009B1BE6 /* main.m */,
			);
			path = KSMediator;
			sourceTree = "<group>";
		};
		7E020EEA22449EC6009B1BE6 /* KSMediatorTests */ = {
			isa = PBXGroup;
			children = (
				7E020EEB22449EC6009B1BE6 /* KSMediatorTests.m */,
				7E020EED22449EC6009B1BE6 /* Info.plist */,
			);
			path = KSMediatorTests;
			sourceTree = "<group>";
		};
		7E020EF522449EC6009B1BE6 /* KSMediatorUITests */ = {
			isa = PBXGroup;
			children = (
				7E020EF622449EC6009B1BE6 /* KSMediatorUITests.m */,
				7E020EF822449EC6009B1BE6 /* Info.plist */,
			);
			path = KSMediatorUITests;
			sourceTree = "<group>";
		};
		7E020F0A2244C0C9009B1BE6 /* DemoModule（target-action所在的模块，也就是提供服务的模块，这也是单独的repo，但无需被其他人依赖，其他人通过category调用到这里的功能） */ = {
			isa = PBXGroup;
			children = (
				7E020F0B2244C0DC009B1BE6 /* Action */,
				7E020F0F2244CD30009B1BE6 /* DemoModuleADetailViewController.h */,
				7E020F102244CD30009B1BE6 /* DemoModuleADetailViewController.m */,
				7E020F112244CD30009B1BE6 /* DemoModuleADetailViewController.xib */,
			);
			path = "DemoModule（target-action所在的模块，也就是提供服务的模块，这也是单独的repo，但无需被其他人依赖，其他人通过category调用到这里的功能）";
			sourceTree = "<group>";
		};
		7E020F0B2244C0DC009B1BE6 /* Action */ = {
			isa = PBXGroup;
			children = (
				7E020F0C2244C0FA009B1BE6 /* Target_A.h */,
				7E020F0D2244C0FA009B1BE6 /* Target_A.m */,
			);
			path = Action;
			sourceTree = "<group>";
		};
		AC1F1495C796F7C86C9048B3 /* Pods */ = {
			isa = PBXGroup;
			children = (
				6C4563C8A22E0E9CB78652D0 /* Pods-KSMediator.debug.xcconfig */,
				4C53275189ADF9C52F770CA1 /* Pods-KSMediator.release.xcconfig */,
				90498F04E6B701A416DD9C86 /* Pods-KSMediator-KSMediatorUITests.debug.xcconfig */,
				ED11169190208B39130FE58E /* Pods-KSMediator-KSMediatorUITests.release.xcconfig */,
				D5EC3E190D553AA6FA7DDC20 /* Pods-KSMediatorTests.debug.xcconfig */,
				F000951F9504ADB64EF42949 /* Pods-KSMediatorTests.release.xcconfig */,
			);
			name = Pods;
			path = Pods;
			sourceTree = "<group>";
		};
		C7FE0F5E923A73523E982A4E /* Frameworks */ = {
			isa = PBXGroup;
			children = (
				2B35BC9E7284504E58594452 /* Pods_KSMediator.framework */,
				44251EB948D95B188DAD563F /* Pods_KSMediator_KSMediatorUITests.framework */,
				673DAD52C19656E9E10921BC /* Pods_KSMediatorTests.framework */,
			);
			name = Frameworks;
			sourceTree = "<group>";
		};
/* End PBXGroup section */

/* Begin PBXNativeTarget section */
		7E020ECE22449EC4009B1BE6 /* KSMediator */ = {
			isa = PBXNativeTarget;
			buildConfigurationList = 7E020EFB22449EC6009B1BE6 /* Build configuration list for PBXNativeTarget "KSMediator" */;
			buildPhases = (
				CD48574E4AC6C4B42A401502 /* [CP] Check Pods Manifest.lock */,
				7E020ECB22449EC4009B1BE6 /* Sources */,
				7E020ECC22449EC4009B1BE6 /* Frameworks */,
				7E020ECD22449EC4009B1BE6 /* Resources */,
				43E69FEE8BC3FC86C3824BBA /* [CP] Embed Pods Frameworks */,
			);
			buildRules = (
			);
			dependencies = (
			);
			name = KSMediator;
			productName = KSMediator;
			productReference = 7E020ECF22449EC4009B1BE6 /* KSMediator.app */;
			productType = "com.apple.product-type.application";
		};
		7E020EE622449EC6009B1BE6 /* KSMediatorTests */ = {
			isa = PBXNativeTarget;
			buildConfigurationList = 7E020EFE22449EC6009B1BE6 /* Build configuration list for PBXNativeTarget "KSMediatorTests" */;
			buildPhases = (
				86BE18442D8EECEF4C18CB96 /* [CP] Check Pods Manifest.lock */,
				7E020EE322449EC6009B1BE6 /* Sources */,
				7E020EE422449EC6009B1BE6 /* Frameworks */,
				7E020EE522449EC6009B1BE6 /* Resources */,
			);
			buildRules = (
			);
			dependencies = (
				7E020EE922449EC6009B1BE6 /* PBXTargetDependency */,
			);
			name = KSMediatorTests;
			productName = KSMediatorTests;
			productReference = 7E020EE722449EC6009B1BE6 /* KSMediatorTests.xctest */;
			productType = "com.apple.product-type.bundle.unit-test";
		};
		7E020EF122449EC6009B1BE6 /* KSMediatorUITests */ = {
			isa = PBXNativeTarget;
			buildConfigurationList = 7E020F0122449EC6009B1BE6 /* Build configuration list for PBXNativeTarget "KSMediatorUITests" */;
			buildPhases = (
				77D6AF08F8E9F5E305457CA9 /* [CP] Check Pods Manifest.lock */,
				7E020EEE22449EC6009B1BE6 /* Sources */,
				7E020EEF22449EC6009B1BE6 /* Frameworks */,
				7E020EF022449EC6009B1BE6 /* Resources */,
				EE45B459CFC72A7EB969311A /* [CP] Embed Pods Frameworks */,
			);
			buildRules = (
			);
			dependencies = (
				7E020EF422449EC6009B1BE6 /* PBXTargetDependency */,
			);
			name = KSMediatorUITests;
			productName = KSMediatorUITests;
			productReference = 7E020EF222449EC6009B1BE6 /* KSMediatorUITests.xctest */;
			productType = "com.apple.product-type.bundle.ui-testing";
		};
/* End PBXNativeTarget section */

/* Begin PBXProject section */
		7E020EC722449EC4009B1BE6 /* Project object */ = {
			isa = PBXProject;
			attributes = {
				LastUpgradeCheck = 1010;
				ORGANIZATIONNAME = Frank;
				TargetAttributes = {
					7E020ECE22449EC4009B1BE6 = {
						CreatedOnToolsVersion = 10.1;
					};
					7E020EE622449EC6009B1BE6 = {
						CreatedOnToolsVersion = 10.1;
						TestTargetID = 7E020ECE22449EC4009B1BE6;
					};
					7E020EF122449EC6009B1BE6 = {
						CreatedOnToolsVersion = 10.1;
						TestTargetID = 7E020ECE22449EC4009B1BE6;
					};
				};
			};
			buildConfigurationList = 7E020ECA22449EC4009B1BE6 /* Build configuration list for PBXProject "KSMediator" */;
			compatibilityVersion = "Xcode 9.3";
			developmentRegion = en;
			hasScannedForEncodings = 0;
			knownRegions = (
				en,
				Base,
			);
			mainGroup = 7E020EC622449EC4009B1BE6;
			productRefGroup = 7E020ED022449EC4009B1BE6 /* Products */;
			projectDirPath = "";
			projectRoot = "";
			targets = (
				7E020ECE22449EC4009B1BE6 /* KSMediator */,
				7E020EE622449EC6009B1BE6 /* KSMediatorTests */,
				7E020EF122449EC6009B1BE6 /* KSMediatorUITests */,
			);
		};
/* End PBXProject section */

/* Begin PBXResourcesBuildPhase section */
		7E020ECD22449EC4009B1BE6 /* Resources */ = {
			isa = PBXResourcesBuildPhase;
			buildActionMask = 2147483647;
			files = (
				7E020EDF22449EC6009B1BE6 /* LaunchScreen.storyboard in Resources */,
				7E020EDC22449EC6009B1BE6 /* Assets.xcassets in Resources */,
				7E020F132244CD30009B1BE6 /* DemoModuleADetailViewController.xib in Resources */,
				7E020EDA22449EC4009B1BE6 /* Main.storyboard in Resources */,
			);
			runOnlyForDeploymentPostprocessing = 0;
		};
		7E020EE522449EC6009B1BE6 /* Resources */ = {
			isa = PBXResourcesBuildPhase;
			buildActionMask = 2147483647;
			files = (
			);
			runOnlyForDeploymentPostprocessing = 0;
		};
		7E020EF022449EC6009B1BE6 /* Resources */ = {
			isa = PBXResourcesBuildPhase;
			buildActionMask = 2147483647;
			files = (
			);
			runOnlyForDeploymentPostprocessing = 0;
		};
/* End PBXResourcesBuildPhase section */

/* Begin PBXShellScriptBuildPhase section */
		43E69FEE8BC3FC86C3824BBA /* [CP] Embed Pods Frameworks */ = {
			isa = PBXShellScriptBuildPhase;
			buildActionMask = 2147483647;
			files = (
			);
			inputFileListPaths = (
				"${PODS_ROOT}/Target Support Files/Pods-KSMediator/Pods-KSMediator-frameworks-${CONFIGURATION}-input-files.xcfilelist",
			);
			name = "[CP] Embed Pods Frameworks";
			outputFileListPaths = (
				"${PODS_ROOT}/Target Support Files/Pods-KSMediator/Pods-KSMediator-frameworks-${CONFIGURATION}-output-files.xcfilelist",
			);
			runOnlyForDeploymentPostprocessing = 0;
			shellPath = /bin/sh;
			shellScript = "\"${PODS_ROOT}/Target Support Files/Pods-KSMediator/Pods-KSMediator-frameworks.sh\"\n";
			showEnvVarsInLog = 0;
		};
		77D6AF08F8E9F5E305457CA9 /* [CP] Check Pods Manifest.lock */ = {
			isa = PBXShellScriptBuildPhase;
			buildActionMask = 2147483647;
			files = (
			);
			inputFileListPaths = (
			);
			inputPaths = (
				"${PODS_PODFILE_DIR_PATH}/Podfile.lock",
				"${PODS_ROOT}/Manifest.lock",
			);
			name = "[CP] Check Pods Manifest.lock";
			outputFileListPaths = (
			);
			outputPaths = (
				"$(DERIVED_FILE_DIR)/Pods-KSMediator-KSMediatorUITests-checkManifestLockResult.txt",
			);
			runOnlyForDeploymentPostprocessing = 0;
			shellPath = /bin/sh;
			shellScript = "diff \"${PODS_PODFILE_DIR_PATH}/Podfile.lock\" \"${PODS_ROOT}/Manifest.lock\" > /dev/null\nif [ $? != 0 ] ; then\n    # print error to STDERR\n    echo \"error: The sandbox is not in sync with the Podfile.lock. Run 'pod install' or update your CocoaPods installation.\" >&2\n    exit 1\nfi\n# This output is used by Xcode 'outputs' to avoid re-running this script phase.\necho \"SUCCESS\" > \"${SCRIPT_OUTPUT_FILE_0}\"\n";
			showEnvVarsInLog = 0;
		};
		86BE18442D8EECEF4C18CB96 /* [CP] Check Pods Manifest.lock */ = {
			isa = PBXShellScriptBuildPhase;
			buildActionMask = 2147483647;
			files = (
			);
			inputFileListPaths = (
			);
			inputPaths = (
				"${PODS_PODFILE_DIR_PATH}/Podfile.lock",
				"${PODS_ROOT}/Manifest.lock",
			);
			name = "[CP] Check Pods Manifest.lock";
			outputFileListPaths = (
			);
			outputPaths = (
				"$(DERIVED_FILE_DIR)/Pods-KSMediatorTests-checkManifestLockResult.txt",
			);
			runOnlyForDeploymentPostprocessing = 0;
			shellPath = /bin/sh;
			shellScript = "diff \"${PODS_PODFILE_DIR_PATH}/Podfile.lock\" \"${PODS_ROOT}/Manifest.lock\" > /dev/null\nif [ $? != 0 ] ; then\n    # print error to STDERR\n    echo \"error: The sandbox is not in sync with the Podfile.lock. Run 'pod install' or update your CocoaPods installation.\" >&2\n    exit 1\nfi\n# This output is used by Xcode 'outputs' to avoid re-running this script phase.\necho \"SUCCESS\" > \"${SCRIPT_OUTPUT_FILE_0}\"\n";
			showEnvVarsInLog = 0;
		};
		CD48574E4AC6C4B42A401502 /* [CP] Check Pods Manifest.lock */ = {
			isa = PBXShellScriptBuildPhase;
			buildActionMask = 2147483647;
			files = (
			);
			inputFileListPaths = (
			);
			inputPaths = (
				"${PODS_PODFILE_DIR_PATH}/Podfile.lock",
				"${PODS_ROOT}/Manifest.lock",
			);
			name = "[CP] Check Pods Manifest.lock";
			outputFileListPaths = (
			);
			outputPaths = (
				"$(DERIVED_FILE_DIR)/Pods-KSMediator-checkManifestLockResult.txt",
			);
			runOnlyForDeploymentPostprocessing = 0;
			shellPath = /bin/sh;
			shellScript = "diff \"${PODS_PODFILE_DIR_PATH}/Podfile.lock\" \"${PODS_ROOT}/Manifest.lock\" > /dev/null\nif [ $? != 0 ] ; then\n    # print error to STDERR\n    echo \"error: The sandbox is not in sync with the Podfile.lock. Run 'pod install' or update your CocoaPods installation.\" >&2\n    exit 1\nfi\n# This output is used by Xcode 'outputs' to avoid re-running this script phase.\necho \"SUCCESS\" > \"${SCRIPT_OUTPUT_FILE_0}\"\n";
			showEnvVarsInLog = 0;
		};
		EE45B459CFC72A7EB969311A /* [CP] Embed Pods Frameworks */ = {
			isa = PBXShellScriptBuildPhase;
			buildActionMask = 2147483647;
			files = (
			);
			inputFileListPaths = (
				"${PODS_ROOT}/Target Support Files/Pods-KSMediator-KSMediatorUITests/Pods-KSMediator-KSMediatorUITests-frameworks-${CONFIGURATION}-input-files.xcfilelist",
			);
			name = "[CP] Embed Pods Frameworks";
			outputFileListPaths = (
				"${PODS_ROOT}/Target Support Files/Pods-KSMediator-KSMediatorUITests/Pods-KSMediator-KSMediatorUITests-frameworks-${CONFIGURATION}-output-files.xcfilelist",
			);
			runOnlyForDeploymentPostprocessing = 0;
			shellPath = /bin/sh;
			shellScript = "\"${PODS_ROOT}/Target Support Files/Pods-KSMediator-KSMediatorUITests/Pods-KSMediator-KSMediatorUITests-frameworks.sh\"\n";
			showEnvVarsInLog = 0;
		};
/* End PBXShellScriptBuildPhase section */

/* Begin PBXSourcesBuildPhase section */
		7E020ECB22449EC4009B1BE6 /* Sources */ = {
			isa = PBXSourcesBuildPhase;
			buildActionMask = 2147483647;
			files = (
				7E020ED722449EC4009B1BE6 /* ViewController.m in Sources */,
				7E020F092244A86B009B1BE6 /* KSMediator+KSMediatorModuleAAction.m in Sources */,
				7E020EE222449EC6009B1BE6 /* main.m in Sources */,
				7E020F122244CD30009B1BE6 /* DemoModuleADetailViewController.m in Sources */,
				7E020F062244A4C2009B1BE6 /* KSMediator.m in Sources */,
				7E020F0E2244C0FA009B1BE6 /* Target_A.m in Sources */,
				7E020ED422449EC4009B1BE6 /* AppDelegate.m in Sources */,
			);
			runOnlyForDeploymentPostprocessing = 0;
		};
		7E020EE322449EC6009B1BE6 /* Sources */ = {
			isa = PBXSourcesBuildPhase;
			buildActionMask = 2147483647;
			files = (
				7E020EEC22449EC6009B1BE6 /* KSMediatorTests.m in Sources */,
			);
			runOnlyForDeploymentPostprocessing = 0;
		};
		7E020EEE22449EC6009B1BE6 /* Sources */ = {
			isa = PBXSourcesBuildPhase;
			buildActionMask = 2147483647;
			files = (
				7E020EF722449EC6009B1BE6 /* KSMediatorUITests.m in Sources */,
			);
			runOnlyForDeploymentPostprocessing = 0;
		};
/* End PBXSourcesBuildPhase section */

/* Begin PBXTargetDependency section */
		7E020EE922449EC6009B1BE6 /* PBXTargetDependency */ = {
			isa = PBXTargetDependency;
			target = 7E020ECE22449EC4009B1BE6 /* KSMediator */;
			targetProxy = 7E020EE822449EC6009B1BE6 /* PBXContainerItemProxy */;
		};
		7E020EF422449EC6009B1BE6 /* PBXTargetDependency */ = {
			isa = PBXTargetDependency;
			target = 7E020ECE22449EC4009B1BE6 /* KSMediator */;
			targetProxy = 7E020EF322449EC6009B1BE6 /* PBXContainerItemProxy */;
		};
/* End PBXTargetDependency section */

/* Begin PBXVariantGroup section */
		7E020ED822449EC4009B1BE6 /* Main.storyboard */ = {
			isa = PBXVariantGroup;
			children = (
				7E020ED922449EC4009B1BE6 /* Base */,
			);
			name = Main.storyboard;
			sourceTree = "<group>";
		};
		7E020EDD22449EC6009B1BE6 /* LaunchScreen.storyboard */ = {
			isa = PBXVariantGroup;
			children = (
				7E020EDE22449EC6009B1BE6 /* Base */,
			);
			name = LaunchScreen.storyboard;
			sourceTree = "<group>";
		};
/* End PBXVariantGroup section */

/* Begin XCBuildConfiguration section */
		7E020EF922449EC6009B1BE6 /* Debug */ = {
			isa = XCBuildConfiguration;
			buildSettings = {
				ALWAYS_SEARCH_USER_PATHS = NO;
				CLANG_ANALYZER_NONNULL = YES;
				CLANG_ANALYZER_NUMBER_OBJECT_CONVERSION = YES_AGGRESSIVE;
				CLANG_CXX_LANGUAGE_STANDARD = "gnu++14";
				CLANG_CXX_LIBRARY = "libc++";
				CLANG_ENABLE_MODULES = YES;
				CLANG_ENABLE_OBJC_ARC = YES;
				CLANG_ENABLE_OBJC_WEAK = YES;
				CLANG_WARN_BLOCK_CAPTURE_AUTORELEASING = YES;
				CLANG_WARN_BOOL_CONVERSION = YES;
				CLANG_WARN_COMMA = YES;
				CLANG_WARN_CONSTANT_CONVERSION = YES;
				CLANG_WARN_DEPRECATED_OBJC_IMPLEMENTATIONS = YES;
				CLANG_WARN_DIRECT_OBJC_ISA_USAGE = YES_ERROR;
				CLANG_WARN_DOCUMENTATION_COMMENTS = YES;
				CLANG_WARN_EMPTY_BODY = YES;
				CLANG_WARN_ENUM_CONVERSION = YES;
				CLANG_WARN_INFINITE_RECURSION = YES;
				CLANG_WARN_INT_CONVERSION = YES;
				CLANG_WARN_NON_LITERAL_NULL_CONVERSION = YES;
				CLANG_WARN_OBJC_IMPLICIT_RETAIN_SELF = YES;
				CLANG_WARN_OBJC_LITERAL_CONVERSION = YES;
				CLANG_WARN_OBJC_ROOT_CLASS = YES_ERROR;
				CLANG_WARN_RANGE_LOOP_ANALYSIS = YES;
				CLANG_WARN_STRICT_PROTOTYPES = YES;
				CLANG_WARN_SUSPICIOUS_MOVE = YES;
				CLANG_WARN_UNGUARDED_AVAILABILITY = YES_AGGRESSIVE;
				CLANG_WARN_UNREACHABLE_CODE = YES;
				CLANG_WARN__DUPLICATE_METHOD_MATCH = YES;
				CODE_SIGN_IDENTITY = "iPhone Developer";
				COPY_PHASE_STRIP = NO;
				DEBUG_INFORMATION_FORMAT = dwarf;
				ENABLE_STRICT_OBJC_MSGSEND = YES;
				ENABLE_TESTABILITY = YES;
				GCC_C_LANGUAGE_STANDARD = gnu11;
				GCC_DYNAMIC_NO_PIC = NO;
				GCC_NO_COMMON_BLOCKS = YES;
				GCC_OPTIMIZATION_LEVEL = 0;
				GCC_PREPROCESSOR_DEFINITIONS = (
					"DEBUG=1",
					"$(inherited)",
				);
				GCC_WARN_64_TO_32_BIT_CONVERSION = YES;
				GCC_WARN_ABOUT_RETURN_TYPE = YES_ERROR;
				GCC_WARN_UNDECLARED_SELECTOR = YES;
				GCC_WARN_UNINITIALIZED_AUTOS = YES_AGGRESSIVE;
				GCC_WARN_UNUSED_FUNCTION = YES;
				GCC_WARN_UNUSED_VARIABLE = YES;
				IPHONEOS_DEPLOYMENT_TARGET = 12.1;
				MTL_ENABLE_DEBUG_INFO = INCLUDE_SOURCE;
				MTL_FAST_MATH = YES;
				ONLY_ACTIVE_ARCH = YES;
				SDKROOT = iphoneos;
			};
			name = Debug;
		};
		7E020EFA22449EC6009B1BE6 /* Release */ = {
			isa = XCBuildConfiguration;
			buildSettings = {
				ALWAYS_SEARCH_USER_PATHS = NO;
				CLANG_ANALYZER_NONNULL = YES;
				CLANG_ANALYZER_NUMBER_OBJECT_CONVERSION = YES_AGGRESSIVE;
				CLANG_CXX_LANGUAGE_STANDARD = "gnu++14";
				CLANG_CXX_LIBRARY = "libc++";
				CLANG_ENABLE_MODULES = YES;
				CLANG_ENABLE_OBJC_ARC = YES;
				CLANG_ENABLE_OBJC_WEAK = YES;
				CLANG_WARN_BLOCK_CAPTURE_AUTORELEASING = YES;
				CLANG_WARN_BOOL_CONVERSION = YES;
				CLANG_WARN_COMMA = YES;
				CLANG_WARN_CONSTANT_CONVERSION = YES;
				CLANG_WARN_DEPRECATED_OBJC_IMPLEMENTATIONS = YES;
				CLANG_WARN_DIRECT_OBJC_ISA_USAGE = YES_ERROR;
				CLANG_WARN_DOCUMENTATION_COMMENTS = YES;
				CLANG_WARN_EMPTY_BODY = YES;
				CLANG_WARN_ENUM_CONVERSION = YES;
				CLANG_WARN_INFINITE_RECURSION = YES;
				CLANG_WARN_INT_CONVERSION = YES;
				CLANG_WARN_NON_LITERAL_NULL_CONVERSION = YES;
				CLANG_WARN_OBJC_IMPLICIT_RETAIN_SELF = YES;
				CLANG_WARN_OBJC_LITERAL_CONVERSION = YES;
				CLANG_WARN_OBJC_ROOT_CLASS = YES_ERROR;
				CLANG_WARN_RANGE_LOOP_ANALYSIS = YES;
				CLANG_WARN_STRICT_PROTOTYPES = YES;
				CLANG_WARN_SUSPICIOUS_MOVE = YES;
				CLANG_WARN_UNGUARDED_AVAILABILITY = YES_AGGRESSIVE;
				CLANG_WARN_UNREACHABLE_CODE = YES;
				CLANG_WARN__DUPLICATE_METHOD_MATCH = YES;
				CODE_SIGN_IDENTITY = "iPhone Developer";
				COPY_PHASE_STRIP = NO;
				DEBUG_INFORMATION_FORMAT = "dwarf-with-dsym";
				ENABLE_NS_ASSERTIONS = NO;
				ENABLE_STRICT_OBJC_MSGSEND = YES;
				GCC_C_LANGUAGE_STANDARD = gnu11;
				GCC_NO_COMMON_BLOCKS = YES;
				GCC_WARN_64_TO_32_BIT_CONVERSION = YES;
				GCC_WARN_ABOUT_RETURN_TYPE = YES_ERROR;
				GCC_WARN_UNDECLARED_SELECTOR = YES;
				GCC_WARN_UNINITIALIZED_AUTOS = YES_AGGRESSIVE;
				GCC_WARN_UNUSED_FUNCTION = YES;
				GCC_WARN_UNUSED_VARIABLE = YES;
				IPHONEOS_DEPLOYMENT_TARGET = 12.1;
				MTL_ENABLE_DEBUG_INFO = NO;
				MTL_FAST_MATH = YES;
				SDKROOT = iphoneos;
				VALIDATE_PRODUCT = YES;
			};
			name = Release;
		};
		7E020EFC22449EC6009B1BE6 /* Debug */ = {
			isa = XCBuildConfiguration;
			baseConfigurationReference = 6C4563C8A22E0E9CB78652D0 /* Pods-KSMediator.debug.xcconfig */;
			buildSettings = {
				ASSETCATALOG_COMPILER_APPICON_NAME = AppIcon;
				CODE_SIGN_STYLE = Automatic;
				DEVELOPMENT_TEAM = YPG6HAPUD5;
				INFOPLIST_FILE = KSMediator/Info.plist;
				LD_RUNPATH_SEARCH_PATHS = (
					"$(inherited)",
					"@executable_path/Frameworks",
				);
				PRODUCT_BUNDLE_IDENTIFIER = com.Frank.KSMediator;
				PRODUCT_NAME = "$(TARGET_NAME)";
				TARGETED_DEVICE_FAMILY = "1,2";
			};
			name = Debug;
		};
		7E020EFD22449EC6009B1BE6 /* Release */ = {
			isa = XCBuildConfiguration;
			baseConfigurationReference = 4C53275189ADF9C52F770CA1 /* Pods-KSMediator.release.xcconfig */;
			buildSettings = {
				ASSETCATALOG_COMPILER_APPICON_NAME = AppIcon;
				CODE_SIGN_STYLE = Automatic;
				DEVELOPMENT_TEAM = YPG6HAPUD5;
				INFOPLIST_FILE = KSMediator/Info.plist;
				LD_RUNPATH_SEARCH_PATHS = (
					"$(inherited)",
					"@executable_path/Frameworks",
				);
				PRODUCT_BUNDLE_IDENTIFIER = com.Frank.KSMediator;
				PRODUCT_NAME = "$(TARGET_NAME)";
				TARGETED_DEVICE_FAMILY = "1,2";
			};
			name = Release;
		};
		7E020EFF22449EC6009B1BE6 /* Debug */ = {
			isa = XCBuildConfiguration;
			baseConfigurationReference = D5EC3E190D553AA6FA7DDC20 /* Pods-KSMediatorTests.debug.xcconfig */;
			buildSettings = {
				BUNDLE_LOADER = "$(TEST_HOST)";
				CODE_SIGN_STYLE = Automatic;
				DEVELOPMENT_TEAM = YPG6HAPUD5;
				INFOPLIST_FILE = KSMediatorTests/Info.plist;
				LD_RUNPATH_SEARCH_PATHS = (
					"$(inherited)",
					"@executable_path/Frameworks",
					"@loader_path/Frameworks",
				);
				PRODUCT_BUNDLE_IDENTIFIER = com.Frank.KSMediatorTests;
				PRODUCT_NAME = "$(TARGET_NAME)";
				TARGETED_DEVICE_FAMILY = "1,2";
				TEST_HOST = "$(BUILT_PRODUCTS_DIR)/KSMediator.app/KSMediator";
			};
			name = Debug;
		};
		7E020F0022449EC6009B1BE6 /* Release */ = {
			isa = XCBuildConfiguration;
			baseConfigurationReference = F000951F9504ADB64EF42949 /* Pods-KSMediatorTests.release.xcconfig */;
			buildSettings = {
				BUNDLE_LOADER = "$(TEST_HOST)";
				CODE_SIGN_STYLE = Automatic;
				DEVELOPMENT_TEAM = YPG6HAPUD5;
				INFOPLIST_FILE = KSMediatorTests/Info.plist;
				LD_RUNPATH_SEARCH_PATHS = (
					"$(inherited)",
					"@executable_path/Frameworks",
					"@loader_path/Frameworks",
				);
				PRODUCT_BUNDLE_IDENTIFIER = com.Frank.KSMediatorTests;
				PRODUCT_NAME = "$(TARGET_NAME)";
				TARGETED_DEVICE_FAMILY = "1,2";
				TEST_HOST = "$(BUILT_PRODUCTS_DIR)/KSMediator.app/KSMediator";
			};
			name = Release;
		};
		7E020F0222449EC6009B1BE6 /* Debug */ = {
			isa = XCBuildConfiguration;
			baseConfigurationReference = 90498F04E6B701A416DD9C86 /* Pods-KSMediator-KSMediatorUITests.debug.xcconfig */;
			buildSettings = {
				CODE_SIGN_STYLE = Automatic;
				DEVELOPMENT_TEAM = YPG6HAPUD5;
				INFOPLIST_FILE = KSMediatorUITests/Info.plist;
				LD_RUNPATH_SEARCH_PATHS = (
					"$(inherited)",
					"@executable_path/Frameworks",
					"@loader_path/Frameworks",
				);
				PRODUCT_BUNDLE_IDENTIFIER = com.Frank.KSMediatorUITests;
				PRODUCT_NAME = "$(TARGET_NAME)";
				TARGETED_DEVICE_FAMILY = "1,2";
				TEST_TARGET_NAME = KSMediator;
			};
			name = Debug;
		};
		7E020F0322449EC6009B1BE6 /* Release */ = {
			isa = XCBuildConfiguration;
			baseConfigurationReference = ED11169190208B39130FE58E /* Pods-KSMediator-KSMediatorUITests.release.xcconfig */;
			buildSettings = {
				CODE_SIGN_STYLE = Automatic;
				DEVELOPMENT_TEAM = YPG6HAPUD5;
				INFOPLIST_FILE = KSMediatorUITests/Info.plist;
				LD_RUNPATH_SEARCH_PATHS = (
					"$(inherited)",
					"@executable_path/Frameworks",
					"@loader_path/Frameworks",
				);
				PRODUCT_BUNDLE_IDENTIFIER = com.Frank.KSMediatorUITests;
				PRODUCT_NAME = "$(TARGET_NAME)";
				TARGETED_DEVICE_FAMILY = "1,2";
				TEST_TARGET_NAME = KSMediator;
			};
			name = Release;
		};
/* End XCBuildConfiguration section */

/* Begin XCConfigurationList section */
		7E020ECA22449EC4009B1BE6 /* Build configuration list for PBXProject "KSMediator" */ = {
			isa = XCConfigurationList;
			buildConfigurations = (
				7E020EF922449EC6009B1BE6 /* Debug */,
				7E020EFA22449EC6009B1BE6 /* Release */,
			);
			defaultConfigurationIsVisible = 0;
			defaultConfigurationName = Release;
		};
		7E020EFB22449EC6009B1BE6 /* Build configuration list for PBXNativeTarget "KSMediator" */ = {
			isa = XCConfigurationList;
			buildConfigurations = (
				7E020EFC22449EC6009B1BE6 /* Debug */,
				7E020EFD22449EC6009B1BE6 /* Release */,
			);
			defaultConfigurationIsVisible = 0;
			defaultConfigurationName = Release;
		};
		7E020EFE22449EC6009B1BE6 /* Build configuration list for PBXNativeTarget "KSMediatorTests" */ = {
			isa = XCConfigurationList;
			buildConfigurations = (
				7E020EFF22449EC6009B1BE6 /* Debug */,
				7E020F0022449EC6009B1BE6 /* Release */,
			);
			defaultConfigurationIsVisible = 0;
			defaultConfigurationName = Release;
		};
		7E020F0122449EC6009B1BE6 /* Build configuration list for PBXNativeTarget "KSMediatorUITests" */ = {
			isa = XCConfigurationList;
			buildConfigurations = (
				7E020F0222449EC6009B1BE6 /* Debug */,
				7E020F0322449EC6009B1BE6 /* Release */,
			);
			defaultConfigurationIsVisible = 0;
			defaultConfigurationName = Release;
		};
/* End XCConfigurationList section */
	};
	rootObject = 7E020EC722449EC4009B1BE6 /* Project object */;
}
